// !$*UTF8*$!
{
	archiveVersion = 1;
	classes = {
	};
	objectVersion = 77;
	objects = {

/* Begin PBXContainerItemProxy section */
		0E98C9A32D64D4BD00A82A43 /* PBXContainerItemProxy */ = {
			isa = PBXContainerItemProxy;
			containerPortal = 0E98C98A2D64D4BB00A82A43 /* Project object */;
			proxyType = 1;
			remoteGlobalIDString = 0E98C9912D64D4BB00A82A43;
			remoteInfo = ShapSwiftUI;
		};
		0E98C9AD2D64D4BD00A82A43 /* PBXContainerItemProxy */ = {
			isa = PBXContainerItemProxy;
			containerPortal = 0E98C98A2D64D4BB00A82A43 /* Project object */;
			proxyType = 1;
			remoteGlobalIDString = 0E98C9912D64D4BB00A82A43;
			remoteInfo = ShapSwiftUI;
		};
/* End PBXContainerItemProxy section */

/* Begin PBXFileReference section */
		0E98C9922D64D4BB00A82A43 /* ShapSwiftUI.app */ = {isa = PBXFileReference; explicitFileType = wrapper.application; includeInIndex = 0; path = ShapSwiftUI.app; sourceTree = BUILT_PRODUCTS_DIR; };
		0E98C9A22D64D4BD00A82A43 /* ShapSwiftUITests.xctest */ = {isa = PBXFileReference; explicitFileType = wrapper.cfbundle; includeInIndex = 0; path = ShapSwiftUITests.xctest; sourceTree = BUILT_PRODUCTS_DIR; };
		0E98C9AC2D64D4BD00A82A43 /* ShapSwiftUIUITests.xctest */ = {isa = PBXFileReference; explicitFileType = wrapper.cfbundle; includeInIndex = 0; path = ShapSwiftUIUITests.xctest; sourceTree = BUILT_PRODUCTS_DIR; };
/* End PBXFileReference section */

/* Begin PBXFileSystemSynchronizedRootGroup section */
		0E98C9942D64D4BB00A82A43 /* ShapSwiftUI */ = {
			isa = PBXFileSystemSynchronizedRootGroup;
			path = ShapSwiftUI;
			sourceTree = "<group>";
		};
		0E98C9A52D64D4BD00A82A43 /* ShapSwiftUITests */ = {
			isa = PBXFileSystemSynchronizedRootGroup;
			path = ShapSwiftUITests;
			sourceTree = "<group>";
		};
		0E98C9AF2D64D4BD00A82A43 /* ShapSwiftUIUITests */ = {
			isa = PBXFileSystemSynchronizedRootGroup;
			path = ShapSwiftUIUITests;
			sourceTree = "<group>";
		};
/* End PBXFileSystemSynchronizedRootGroup section */

/* Begin PBXFrameworksBuildPhase section */
		0E98C98F2D64D4BB00A82A43 /* Frameworks */ = {
			isa = PBXFrameworksBuildPhase;
			buildActionMask = 2147483647;
			files = (
			);
			runOnlyForDeploymentPostprocessing = 0;
		};
		0E98C99F2D64D4BD00A82A43 /* Frameworks */ = {
			isa = PBXFrameworksBuildPhase;
			buildActionMask = 2147483647;
			files = (
			);
			runOnlyForDeploymentPostprocessing = 0;
		};
		0E98C9A92D64D4BD00A82A43 /* Frameworks */ = {
			isa = PBXFrameworksBuildPhase;
			buildActionMask = 2147483647;
			files = (
			);
			runOnlyForDeploymentPostprocessing = 0;
		};
/* End PBXFrameworksBuildPhase section */

/* Begin PBXGroup section */
		0E98C9892D64D4BA00A82A43 = {
			isa = PBXGroup;
			children = (
				0E98C9942D64D4BB00A82A43 /* ShapSwiftUI */,
				0E98C9A52D64D4BD00A82A43 /* ShapSwiftUITests */,
				0E98C9AF2D64D4BD00A82A43 /* ShapSwiftUIUITests */,
				0E98C9932D64D4BB00A82A43 /* Products */,
			);
			sourceTree = "<group>";
		};
		0E98C9932D64D4BB00A82A43 /* Products */ = {
			isa = PBXGroup;
			children = (
				0E98C9922D64D4BB00A82A43 /* ShapSwiftUI.app */,
				0E98C9A22D64D4BD00A82A43 /* ShapSwiftUITests.xctest */,
				0E98C9AC2D64D4BD00A82A43 /* ShapSwiftUIUITests.xctest */,
			);
			name = Products;
			sourceTree = "<group>";
		};
/* End PBXGroup section */

/* Begin PBXNativeTarget section */
		0E98C9912D64D4BB00A82A43 /* ShapSwiftUI */ = {
			isa = PBXNativeTarget;
			buildConfigurationList = 0E98C9B62D64D4BD00A82A43 /* Build configuration list for PBXNativeTarget "ShapSwiftUI" */;
			buildPhases = (
				0E98C98E2D64D4BB00A82A43 /* Sources */,
				0E98C98F2D64D4BB00A82A43 /* Frameworks */,
				0E98C9902D64D4BB00A82A43 /* Resources */,
			);
			buildRules = (
			);
			dependencies = (
			);
			fileSystemSynchronizedGroups = (
				0E98C9942D64D4BB00A82A43 /* ShapSwiftUI */,
			);
			name = ShapSwiftUI;
			packageProductDependencies = (
			);
			productName = ShapSwiftUI;
			productReference = 0E98C9922D64D4BB00A82A43 /* ShapSwiftUI.app */;
			productType = "com.apple.product-type.application";
		};
		0E98C9A12D64D4BD00A82A43 /* ShapSwiftUITests */ = {
			isa = PBXNativeTarget;
			buildConfigurationList = 0E98C9B92D64D4BD00A82A43 /* Build configuration list for PBXNativeTarget "ShapSwiftUITests" */;
			buildPhases = (
				0E98C99E2D64D4BD00A82A43 /* Sources */,
				0E98C99F2D64D4BD00A82A43 /* Frameworks */,
				0E98C9A02D64D4BD00A82A43 /* Resources */,
			);
			buildRules = (
			);
			dependencies = (
				0E98C9A42D64D4BD00A82A43 /* PBXTargetDependency */,
			);
			fileSystemSynchronizedGroups = (
				0E98C9A52D64D4BD00A82A43 /* ShapSwiftUITests */,
			);
			name = ShapSwiftUITests;
			packageProductDependencies = (
			);
			productName = ShapSwiftUITests;
			productReference = 0E98C9A22D64D4BD00A82A43 /* ShapSwiftUITests.xctest */;
			productType = "com.apple.product-type.bundle.unit-test";
		};
		0E98C9AB2D64D4BD00A82A43 /* ShapSwiftUIUITests */ = {
			isa = PBXNativeTarget;
			buildConfigurationList = 0E98C9BC2D64D4BD00A82A43 /* Build configuration list for PBXNativeTarget "ShapSwiftUIUITests" */;
			buildPhases = (
				0E98C9A82D64D4BD00A82A43 /* Sources */,
				0E98C9A92D64D4BD00A82A43 /* Frameworks */,
				0E98C9AA2D64D4BD00A82A43 /* Resources */,
			);
			buildRules = (
			);
			dependencies = (
				0E98C9AE2D64D4BD00A82A43 /* PBXTargetDependency */,
			);
			fileSystemSynchronizedGroups = (
				0E98C9AF2D64D4BD00A82A43 /* ShapSwiftUIUITests */,
			);
			name = ShapSwiftUIUITests;
			packageProductDependencies = (
			);
			productName = ShapSwiftUIUITests;
			productReference = 0E98C9AC2D64D4BD00A82A43 /* ShapSwiftUIUITests.xctest */;
			productType = "com.apple.product-type.bundle.ui-testing";
		};
/* End PBXNativeTarget section */

/* Begin PBXProject section */
		0E98C98A2D64D4BB00A82A43 /* Project object */ = {
			isa = PBXProject;
			attributes = {
				BuildIndependentTargetsInParallel = 1;
				LastSwiftUpdateCheck = 1620;
				LastUpgradeCheck = 1620;
				TargetAttributes = {
					0E98C9912D64D4BB00A82A43 = {
						CreatedOnToolsVersion = 16.2;
					};
					0E98C9A12D64D4BD00A82A43 = {
						CreatedOnToolsVersion = 16.2;
						TestTargetID = 0E98C9912D64D4BB00A82A43;
					};
					0E98C9AB2D64D4BD00A82A43 = {
						CreatedOnToolsVersion = 16.2;
						TestTargetID = 0E98C9912D64D4BB00A82A43;
					};
				};
			};
			buildConfigurationList = 0E98C98D2D64D4BB00A82A43 /* Build configuration list for PBXProject "ShapSwiftUI" */;
			developmentRegion = en;
			hasScannedForEncodings = 0;
			knownRegions = (
				en,
				Base,
			);
			mainGroup = 0E98C9892D64D4BA00A82A43;
			minimizedProjectReferenceProxies = 1;
			preferredProjectObjectVersion = 77;
			productRefGroup = 0E98C9932D64D4BB00A82A43 /* Products */;
			projectDirPath = "";
			projectRoot = "";
			targets = (
				0E98C9912D64D4BB00A82A43 /* ShapSwiftUI */,
				0E98C9A12D64D4BD00A82A43 /* ShapSwiftUITests */,
				0E98C9AB2D64D4BD00A82A43 /* ShapSwiftUIUITests */,
			);
		};
/* End PBXProject section */

/* Begin PBXResourcesBuildPhase section */
		0E98C9902D64D4BB00A82A43 /* Resources */ = {
			isa = PBXResourcesBuildPhase;
			buildActionMask = 2147483647;
			files = (
			);
			runOnlyForDeploymentPostprocessing = 0;
		};
		0E98C9A02D64D4BD00A82A43 /* Resources */ = {
			isa = PBXResourcesBuildPhase;
			buildActionMask = 2147483647;
			files = (
			);
			runOnlyForDeploymentPostprocessing = 0;
		};
		0E98C9AA2D64D4BD00A82A43 /* Resources */ = {
			isa = PBXResourcesBuildPhase;
			buildActionMask = 2147483647;
			files = (
			);
			runOnlyForDeploymentPostprocessing = 0;
		};
/* End PBXResourcesBuildPhase section */

/* Begin PBXSourcesBuildPhase section */
		0E98C98E2D64D4BB00A82A43 /* Sources */ = {
			isa = PBXSourcesBuildPhase;
			buildActionMask = 2147483647;
			files = (
			);
			runOnlyForDeploymentPostprocessing = 0;
		};
		0E98C99E2D64D4BD00A82A43 /* Sources */ = {
			isa = PBXSourcesBuildPhase;
			buildActionMask = 2147483647;
			files = (
			);
			runOnlyForDeploymentPostprocessing = 0;
		};
		0E98C9A82D64D4BD00A82A43 /* Sources */ = {
			isa = PBXSourcesBuildPhase;
			buildActionMask = 2147483647;
			files = (
			);
			runOnlyForDeploymentPostprocessing = 0;
		};
/* End PBXSourcesBuildPhase section */

/* Begin PBXTargetDependency section */
		0E98C9A42D64D4BD00A82A43 /* PBXTargetDependency */ = {
			isa = PBXTargetDependency;
			target = 0E98C9912D64D4BB00A82A43 /* ShapSwiftUI */;
			targetProxy = 0E98C9A32D64D4BD00A82A43 /* PBXContainerItemProxy */;
		};
		0E98C9AE2D64D4BD00A82A43 /* PBXTargetDependency */ = {
			isa = PBXTargetDependency;
			target = 0E98C9912D64D4BB00A82A43 /* ShapSwiftUI */;
			targetProxy = 0E98C9AD2D64D4BD00A82A43 /* PBXContainerItemProxy */;
		};
/* End PBXTargetDependency section */

/* Begin XCBuildConfiguration section */
		0E98C9B42D64D4BD00A82A43 /* Debug */ = {
			isa = XCBuildConfiguration;
			buildSettings = {
				ALWAYS_SEARCH_USER_PATHS = NO;
				ASSETCATALOG_COMPILER_GENERATE_SWIFT_ASSET_SYMBOL_EXTENSIONS = YES;
				CLANG_ANALYZER_NONNULL = YES;
				CLANG_ANALYZER_NUMBER_OBJECT_CONVERSION = YES_AGGRESSIVE;
				CLANG_CXX_LANGUAGE_STANDARD = "gnu++20";
				CLANG_ENABLE_MODULES = YES;
				CLANG_ENABLE_OBJC_ARC = YES;
				CLANG_ENABLE_OBJC_WEAK = YES;
				CLANG_WARN_BLOCK_CAPTURE_AUTORELEASING = YES;
				CLANG_WARN_BOOL_CONVERSION = YES;
				CLANG_WARN_COMMA = YES;
				CLANG_WARN_CONSTANT_CONVERSION = YES;
				CLANG_WARN_DEPRECATED_OBJC_IMPLEMENTATIONS = YES;
				CLANG_WARN_DIRECT_OBJC_ISA_USAGE = YES_ERROR;
				CLANG_WARN_DOCUMENTATION_COMMENTS = YES;
				CLANG_WARN_EMPTY_BODY = YES;
				CLANG_WARN_ENUM_CONVERSION = YES;
				CLANG_WARN_INFINITE_RECURSION = YES;
				CLANG_WARN_INT_CONVERSION = YES;
				CLANG_WARN_NON_LITERAL_NULL_CONVERSION = YES;
				CLANG_WARN_OBJC_IMPLICIT_RETAIN_SELF = YES;
				CLANG_WARN_OBJC_LITERAL_CONVERSION = YES;
				CLANG_WARN_OBJC_ROOT_CLASS = YES_ERROR;
				CLANG_WARN_QUOTED_INCLUDE_IN_FRAMEWORK_HEADER = YES;
				CLANG_WARN_RANGE_LOOP_ANALYSIS = YES;
				CLANG_WARN_STRICT_PROTOTYPES = YES;
				CLANG_WARN_SUSPICIOUS_MOVE = YES;
				CLANG_WARN_UNGUARDED_AVAILABILITY = YES_AGGRESSIVE;
				CLANG_WARN_UNREACHABLE_CODE = YES;
				CLANG_WARN__DUPLICATE_METHOD_MATCH = YES;
				COPY_PHASE_STRIP = NO;
				DEBUG_INFORMATION_FORMAT = dwarf;
				ENABLE_STRICT_OBJC_MSGSEND = YES;
				ENABLE_TESTABILITY = YES;
				ENABLE_USER_SCRIPT_SANDBOXING = YES;
				GCC_C_LANGUAGE_STANDARD = gnu17;
				GCC_DYNAMIC_NO_PIC = NO;
				GCC_NO_COMMON_BLOCKS = YES;
				GCC_OPTIMIZATION_LEVEL = 0;
				GCC_PREPROCESSOR_DEFINITIONS = (
					"DEBUG=1",
					"$(inherited)",
				);
				GCC_WARN_64_TO_32_BIT_CONVERSION = YES;
				GCC_WARN_ABOUT_RETURN_TYPE = YES_ERROR;
				GCC_WARN_UNDECLARED_SELECTOR = YES;
				GCC_WARN_UNINITIALIZED_AUTOS = YES_AGGRESSIVE;
				GCC_WARN_UNUSED_FUNCTION = YES;
				GCC_WARN_UNUSED_VARIABLE = YES;
				IPHONEOS_DEPLOYMENT_TARGET = 18.2;
				LOCALIZATION_PREFERS_STRING_CATALOGS = YES;
				MTL_ENABLE_DEBUG_INFO = INCLUDE_SOURCE;
				MTL_FAST_MATH = YES;
				ONLY_ACTIVE_ARCH = YES;
				SDKROOT = iphoneos;
				SWIFT_ACTIVE_COMPILATION_CONDITIONS = "DEBUG $(inherited)";
				SWIFT_OPTIMIZATION_LEVEL = "-Onone";
			};
			name = Debug;
		};
		0E98C9B52D64D4BD00A82A43 /* Release */ = {
			isa = XCBuildConfiguration;
			buildSettings = {
				ALWAYS_SEARCH_USER_PATHS = NO;
				ASSETCATALOG_COMPILER_GENERATE_SWIFT_ASSET_SYMBOL_EXTENSIONS = YES;
				CLANG_ANALYZER_NONNULL = YES;
				CLANG_ANALYZER_NUMBER_OBJECT_CONVERSION = YES_AGGRESSIVE;
				CLANG_CXX_LANGUAGE_STANDARD = "gnu++20";
				CLANG_ENABLE_MODULES = YES;
				CLANG_ENABLE_OBJC_ARC = YES;
				CLANG_ENABLE_OBJC_WEAK = YES;
				CLANG_WARN_BLOCK_CAPTURE_AUTORELEASING = YES;
				CLANG_WARN_BOOL_CONVERSION = YES;
				CLANG_WARN_COMMA = YES;
				CLANG_WARN_CONSTANT_CONVERSION = YES;
				CLANG_WARN_DEPRECATED_OBJC_IMPLEMENTATIONS = YES;
				CLANG_WARN_DIRECT_OBJC_ISA_USAGE = YES_ERROR;
				CLANG_WARN_DOCUMENTATION_COMMENTS = YES;
				CLANG_WARN_EMPTY_BODY = YES;
				CLANG_WARN_ENUM_CONVERSION = YES;
				CLANG_WARN_INFINITE_RECURSION = YES;
				CLANG_WARN_INT_CONVERSION = YES;
				CLANG_WARN_NON_LITERAL_NULL_CONVERSION = YES;
				CLANG_WARN_OBJC_IMPLICIT_RETAIN_SELF = YES;
				CLANG_WARN_OBJC_LITERAL_CONVERSION = YES;
				CLANG_WARN_OBJC_ROOT_CLASS = YES_ERROR;
				CLANG_WARN_QUOTED_INCLUDE_IN_FRAMEWORK_HEADER = YES;
				CLANG_WARN_RANGE_LOOP_ANALYSIS = YES;
				CLANG_WARN_STRICT_PROTOTYPES = YES;
				CLANG_WARN_SUSPICIOUS_MOVE = YES;
				CLANG_WARN_UNGUARDED_AVAILABILITY = YES_AGGRESSIVE;
				CLANG_WARN_UNREACHABLE_CODE = YES;
				CLANG_WARN__DUPLICATE_METHOD_MATCH = YES;
				COPY_PHASE_STRIP = NO;
				DEBUG_INFORMATION_FORMAT = "dwarf-with-dsym";
				ENABLE_NS_ASSERTIONS = NO;
				ENABLE_STRICT_OBJC_MSGSEND = YES;
				ENABLE_USER_SCRIPT_SANDBOXING = YES;
				GCC_C_LANGUAGE_STANDARD = gnu17;
				GCC_NO_COMMON_BLOCKS = YES;
				GCC_WARN_64_TO_32_BIT_CONVERSION = YES;
				GCC_WARN_ABOUT_RETURN_TYPE = YES_ERROR;
				GCC_WARN_UNDECLARED_SELECTOR = YES;
				GCC_WARN_UNINITIALIZED_AUTOS = YES_AGGRESSIVE;
				GCC_WARN_UNUSED_FUNCTION = YES;
				GCC_WARN_UNUSED_VARIABLE = YES;
				IPHONEOS_DEPLOYMENT_TARGET = 18.2;
				LOCALIZATION_PREFERS_STRING_CATALOGS = YES;
				MTL_ENABLE_DEBUG_INFO = NO;
				MTL_FAST_MATH = YES;
				SDKROOT = iphoneos;
				SWIFT_COMPILATION_MODE = wholemodule;
				VALIDATE_PRODUCT = YES;
			};
			name = Release;
		};
		0E98C9B72D64D4BD00A82A43 /* Debug */ = {
			isa = XCBuildConfiguration;
			buildSettings = {
				ASSETCATALOG_COMPILER_APPICON_NAME = AppIcon;
				ASSETCATALOG_COMPILER_GLOBAL_ACCENT_COLOR_NAME = AccentColor;
				CODE_SIGN_STYLE = Automatic;
				CURRENT_PROJECT_VERSION = 1;
				DEVELOPMENT_ASSET_PATHS = "\"ShapSwiftUI/Preview Content\"";
				ENABLE_PREVIEWS = YES;
				GENERATE_INFOPLIST_FILE = YES;
				INFOPLIST_KEY_UIApplicationSceneManifest_Generation = YES;
				INFOPLIST_KEY_UIApplicationSupportsIndirectInputEvents = YES;
				INFOPLIST_KEY_UILaunchScreen_Generation = YES;
				INFOPLIST_KEY_UISupportedInterfaceOrientations_iPad = "UIInterfaceOrientationPortrait UIInterfaceOrientationPortraitUpsideDown UIInterfaceOrientationLandscapeLeft UIInterfaceOrientationLandscapeRight";
				INFOPLIST_KEY_UISupportedInterfaceOrientations_iPhone = "UIInterfaceOrientationPortrait UIInterfaceOrientationLandscapeLeft UIInterfaceOrientationLandscapeRight";
				LD_RUNPATH_SEARCH_PATHS = (
					"$(inherited)",
					"@executable_path/Frameworks",
				);
				MARKETING_VERSION = 1.0;
				PRODUCT_BUNDLE_IDENTIFIER = intalioTest.ShapSwiftUI;
				PRODUCT_NAME = "$(TARGET_NAME)";
				SWIFT_EMIT_LOC_STRINGS = YES;
				SWIFT_VERSION = 5.0;
				TARGETED_DEVICE_FAMILY = "1,2";
			};
			name = Debug;
		};
		0E98C9B82D64D4BD00A82A43 /* Release */ = {
			isa = XCBuildConfiguration;
			buildSettings = {
				ASSETCATALOG_COMPILER_APPICON_NAME = AppIcon;
				ASSETCATALOG_COMPILER_GLOBAL_ACCENT_COLOR_NAME = AccentColor;
				CODE_SIGN_STYLE = Automatic;
				CURRENT_PROJECT_VERSION = 1;
				DEVELOPMENT_ASSET_PATHS = "\"ShapSwiftUI/Preview Content\"";
				ENABLE_PREVIEWS = YES;
				GENERATE_INFOPLIST_FILE = YES;
				INFOPLIST_KEY_UIApplicationSceneManifest_Generation = YES;
				INFOPLIST_KEY_UIApplicationSupportsIndirectInputEvents = YES;
				INFOPLIST_KEY_UILaunchScreen_Generation = YES;
				INFOPLIST_KEY_UISupportedInterfaceOrientations_iPad = "UIInterfaceOrientationPortrait UIInterfaceOrientationPortraitUpsideDown UIInterfaceOrientationLandscapeLeft UIInterfaceOrientationLandscapeRight";
				INFOPLIST_KEY_UISupportedInterfaceOrientations_iPhone = "UIInterfaceOrientationPortrait UIInterfaceOrientationLandscapeLeft UIInterfaceOrientationLandscapeRight";
				LD_RUNPATH_SEARCH_PATHS = (
					"$(inherited)",
					"@executable_path/Frameworks",
				);
				MARKETING_VERSION = 1.0;
				PRODUCT_BUNDLE_IDENTIFIER = intalioTest.ShapSwiftUI;
				PRODUCT_NAME = "$(TARGET_NAME)";
				SWIFT_EMIT_LOC_STRINGS = YES;
				SWIFT_VERSION = 5.0;
				TARGETED_DEVICE_FAMILY = "1,2";
			};
			name = Release;
		};
		0E98C9BA2D64D4BD00A82A43 /* Debug */ = {
			isa = XCBuildConfiguration;
			buildSettings = {
				BUNDLE_LOADER = "$(TEST_HOST)";
				CODE_SIGN_STYLE = Automatic;
				CURRENT_PROJECT_VERSION = 1;
				GENERATE_INFOPLIST_FILE = YES;
				IPHONEOS_DEPLOYMENT_TARGET = 18.2;
				MARKETING_VERSION = 1.0;
				PRODUCT_BUNDLE_IDENTIFIER = intalioTest.ShapSwiftUITests;
				PRODUCT_NAME = "$(TARGET_NAME)";
				SWIFT_EMIT_LOC_STRINGS = NO;
				SWIFT_VERSION = 5.0;
				TARGETED_DEVICE_FAMILY = "1,2";
				TEST_HOST = "$(BUILT_PRODUCTS_DIR)/ShapSwiftUI.app/$(BUNDLE_EXECUTABLE_FOLDER_PATH)/ShapSwiftUI";
			};
			name = Debug;
		};
		0E98C9BB2D64D4BD00A82A43 /* Release */ = {
			isa = XCBuildConfiguration;
			buildSettings = {
				BUNDLE_LOADER = "$(TEST_HOST)";
				CODE_SIGN_STYLE = Automatic;
				CURRENT_PROJECT_VERSION = 1;
				GENERATE_INFOPLIST_FILE = YES;
				IPHONEOS_DEPLOYMENT_TARGET = 18.2;
				MARKETING_VERSION = 1.0;
				PRODUCT_BUNDLE_IDENTIFIER = intalioTest.ShapSwiftUITests;
				PRODUCT_NAME = "$(TARGET_NAME)";
				SWIFT_EMIT_LOC_STRINGS = NO;
				SWIFT_VERSION = 5.0;
				TARGETED_DEVICE_FAMILY = "1,2";
				TEST_HOST = "$(BUILT_PRODUCTS_DIR)/ShapSwiftUI.app/$(BUNDLE_EXECUTABLE_FOLDER_PATH)/ShapSwiftUI";
			};
			name = Release;
		};
		0E98C9BD2D64D4BD00A82A43 /* Debug */ = {
			isa = XCBuildConfiguration;
			buildSettings = {
				CODE_SIGN_STYLE = Automatic;
				CURRENT_PROJECT_VERSION = 1;
				GENERATE_INFOPLIST_FILE = YES;
				MARKETING_VERSION = 1.0;
				PRODUCT_BUNDLE_IDENTIFIER = intalioTest.ShapSwiftUIUITests;
				PRODUCT_NAME = "$(TARGET_NAME)";
				SWIFT_EMIT_LOC_STRINGS = NO;
				SWIFT_VERSION = 5.0;
				TARGETED_DEVICE_FAMILY = "1,2";
				TEST_TARGET_NAME = ShapSwiftUI;
			};
			name = Debug;
		};
		0E98C9BE2D64D4BD00A82A43 /* Release */ = {
			isa = XCBuildConfiguration;
			buildSettings = {
				CODE_SIGN_STYLE = Automatic;
				CURRENT_PROJECT_VERSION = 1;
				GENERATE_INFOPLIST_FILE = YES;
				MARKETING_VERSION = 1.0;
				PRODUCT_BUNDLE_IDENTIFIER = intalioTest.ShapSwiftUIUITests;
				PRODUCT_NAME = "$(TARGET_NAME)";
				SWIFT_EMIT_LOC_STRINGS = NO;
				SWIFT_VERSION = 5.0;
				TARGETED_DEVICE_FAMILY = "1,2";
				TEST_TARGET_NAME = ShapSwiftUI;
			};
			name = Release;
		};
/* End XCBuildConfiguration section */

/* Begin XCConfigurationList section */
		0E98C98D2D64D4BB00A82A43 /* Build configuration list for PBXProject "ShapSwiftUI" */ = {
			isa = XCConfigurationList;
			buildConfigurations = (
				0E98C9B42D64D4BD00A82A43 /* Debug */,
				0E98C9B52D64D4BD00A82A43 /* Release */,
			);
			defaultConfigurationIsVisible = 0;
			defaultConfigurationName = Release;
		};
		0E98C9B62D64D4BD00A82A43 /* Build configuration list for PBXNativeTarget "ShapSwiftUI" */ = {
			isa = XCConfigurationList;
			buildConfigurations = (
				0E98C9B72D64D4BD00A82A43 /* Debug */,
				0E98C9B82D64D4BD00A82A43 /* Release */,
			);
			defaultConfigurationIsVisible = 0;
			defaultConfigurationName = Release;
		};
		0E98C9B92D64D4BD00A82A43 /* Build configuration list for PBXNativeTarget "ShapSwiftUITests" */ = {
			isa = XCConfigurationList;
			buildConfigurations = (
				0E98C9BA2D64D4BD00A82A43 /* Debug */,
				0E98C9BB2D64D4BD00A82A43 /* Release */,
			);
			defaultConfigurationIsVisible = 0;
			defaultConfigurationName = Release;
		};
		0E98C9BC2D64D4BD00A82A43 /* Build configuration list for PBXNativeTarget "ShapSwiftUIUITests" */ = {
			isa = XCConfigurationList;
			buildConfigurations = (
				0E98C9BD2D64D4BD00A82A43 /* Debug */,
				0E98C9BE2D64D4BD00A82A43 /* Release */,
			);
			defaultConfigurationIsVisible = 0;
			defaultConfigurationName = Release;
		};
/* End XCConfigurationList section */
	};
	rootObject = 0E98C98A2D64D4BB00A82A43 /* Project object */;
}
